
Microsoft Visual Studio Solution File, Format Version 12.00
# Visual Studio Version 16
VisualStudioVersion = 16.0.31515.178
MinimumVisualStudioVersion = 10.0.40219.1
Project("{FAE04EC0-301F-11D3-BF4B-00C04F79EFBC}") = "WindowsService", "WindowsService\WindowsService.csproj", "{0F0AC473-DBC8-4D9B-B26E-938613F6D3DF}"
EndProject
Project("{FAE04EC0-301F-11D3-BF4B-00C04F79EFBC}") = "WindowsServiceUpdate", "WindowsServiceUpdate\WindowsServiceUpdate.csproj", "{6F100F1C-B864-4538-AD5B-0096351F40E5}"
EndProject
Global
	GlobalSection(SolutionConfigurationPlatforms) = preSolution
		Debug|Any CPU = Debug|Any CPU
		Release|Any CPU = Release|Any CPU
	EndGlobalSection
	GlobalSection(ProjectConfigurationPlatforms) = postSolution
		{0F0AC473-DBC8-4D9B-B26E-938613F6D3DF}.Debug|Any CPU.ActiveCfg = Debug|Any CPU
		{0F0AC473-DBC8-4D9B-B26E-938613F6D3DF}.Debug|Any CPU.Build.0 = Debug|Any CPU
		{0F0AC473-DBC8-4D9B-B26E-938613F6D3DF}.Release|Any CPU.ActiveCfg = Release|Any CPU
		{0F0AC473-DBC8-4D9B-B26E-938613F6D3DF}.Release|Any CPU.Build.0 = Release|Any CPU
		{6F100F1C-B864-4538-AD5B-0096351F40E5}.Debug|Any CPU.ActiveCfg = Debug|Any CPU
		{6F100F1C-B864-4538-AD5B-0096351F40E5}.Debug|Any CPU.Build.0 = Debug|Any CPU
		{6F100F1C-B864-4538-AD5B-0096351F40E5}.Release|Any CPU.ActiveCfg = Release|Any CPU
		{6F100F1C-B864-4538-AD5B-0096351F40E5}.Release|Any CPU.Build.0 = Release|Any CPU
	EndGlobalSection
	GlobalSection(SolutionProperties) = preSolution
		HideSolutionNode = FALSE
	EndGlobalSection
	GlobalSection(ExtensibilityGlobals) = postSolution
		SolutionGuid = {2E8F104B-597D-47EA-AE69-48BFDB44D4DE}
	EndGlobalSection
EndGlobal
